{
  "version": "3",
  "packages": {
    "specifiers": {
      "jsr:@std/assert@1.0.4": "jsr:@std/assert@1.0.4",
      "jsr:@std/datetime@0.225.2": "jsr:@std/datetime@0.225.2",
      "jsr:@std/dotenv@0.225.2": "jsr:@std/dotenv@0.225.2",
      "jsr:@std/fmt@1.0.2": "jsr:@std/fmt@1.0.2",
      "jsr:@std/fs@1.0.3": "jsr:@std/fs@1.0.3",
      "jsr:@std/internal@^1.0.3": "jsr:@std/internal@1.0.3",
      "jsr:@std/path@1.0.4": "jsr:@std/path@1.0.4",
      "jsr:@std/path@^1.0.4": "jsr:@std/path@1.0.4"
    },
    "jsr": {
      "@std/assert@1.0.4": {
        "integrity": "d4c767ea578e5bc09c15b6e503376003e5b2d1f4c0cdf08524a92101ff4d7b96",
        "dependencies": [
          "jsr:@std/internal@^1.0.3"
        ]
      },
      "@std/datetime@0.225.2": {
        "integrity": "45f0100554a912cd65f48089ef0a33aa1eb6ea21f08090840b539ab582827eaa"
      },
      "@std/dotenv@0.225.2": {
        "integrity": "e2025dce4de6c7bca21dece8baddd4262b09d5187217e231b033e088e0c4dd23"
      },
      "@std/fmt@1.0.2": {
        "integrity": "87e9dfcdd3ca7c066e0c3c657c1f987c82888eb8103a3a3baa62684ffeb0f7a7"
      },
      "@std/fs@1.0.3": {
        "integrity": "3cb839b1360b0a42d8b367c3093bfe4071798e6694fa44cf1963e04a8edba4fe",
        "dependencies": [
          "jsr:@std/path@^1.0.4"
        ]
      },
      "@std/internal@1.0.3": {
        "integrity": "208e9b94a3d5649bd880e9ca38b885ab7651ab5b5303a56ed25de4755fb7b11e"
      },
      "@std/path@1.0.4": {
        "integrity": "48dd5d8389bcfcd619338a01bdf862cb7799933390146a54ae59356a0acc7105"
      }
    }
  },
  "remote": {},
  "workspace": {
    "dependencies": [
      "jsr:@std/assert@1.0.4",
      "jsr:@std/datetime@0.225.2",
      "jsr:@std/dotenv@0.225.2",
      "jsr:@std/fmt@1.0.2",
      "jsr:@std/fs@1.0.3",
      "jsr:@std/path@1.0.4"
    ],
    "packageJson": {
      "dependencies": [
        "npm:@automerge/automerge-repo-network-broadcastchannel@1.2.1",
        "npm:@automerge/automerge-repo-network-messagechannel@1.2.1",
        "npm:@automerge/automerge-repo-storage-indexeddb@1.2.1",
        "npm:@automerge/automerge-repo@1.2.1",
        "npm:@automerge/automerge@2.2.8",
        "npm:@eslint/js@^9.9.0",
        "npm:@excalidraw/excalidraw@0.17.6",
        "npm:@improbable-eng/grpc-web-node-http-transport@0.15.0",
        "npm:@improbable-eng/grpc-web@0.15.0",
        "npm:@monaco-editor/react@4.6.0",
        "npm:@noble/ed25519@2.1.0",
        "npm:@noble/hashes@1.5.0",
        "npm:@onsetsoftware/automerge-patcher@0.14.0",
        "npm:@paralleldrive/cuid2@2.2.2",
        "npm:@preact/signals-react@2.2.0",
        "npm:@privy-io/react-auth@1.83.1",
        "npm:@standard-crypto/farcaster-js@7.4.0",
        "npm:@sveltejs/vite-plugin-svelte@3.1.2",
        "npm:@tauri-apps/api@1.6.0",
        "npm:@tauri-apps/cli@1.6.1",
        "npm:@tsconfig/svelte@5.0.4",
        "npm:@types/diff@5.2.2",
        "npm:@types/fs-extra@11.0.4",
        "npm:@types/minimist@1.2.5",
        "npm:@types/node@22.5.4",
        "npm:@types/qrcode@1.5.5",
        "npm:@types/ramda@0.30.2",
        "npm:@types/react-dom@18.3.0",
        "npm:@types/react@18.3.5",
        "npm:@types/sanitize-html@2.13.0",
        "npm:@types/semver@7.5.8",
        "npm:@types/tinycolor2@1.4.6",
        "npm:@types/ua-parser-js@0.7.39",
        "npm:@types/use-sync-external-store@0.0.6",
        "npm:@types/uuid@10.0.0",
        "npm:@types/vimeo__player@2.18.3",
        "npm:@typescript-eslint/eslint-plugin@8.5.0",
        "npm:@typescript-eslint/parser@8.5.0",
        "npm:@vercel/edge@1.1.2",
        "npm:@vime/core@5.4.1",
        "npm:@vime/react@5.4.1",
        "npm:@vimeo/player@2.24.0",
        "npm:@vitejs/plugin-basic-ssl@1.1.0",
        "npm:@vitejs/plugin-react-swc@3.7.0",
        "npm:akahu@1.15.3",
        "npm:approx-string-match@2.0.0",
        "npm:automerge-repo-network-peerjs@1.2.3",
        "npm:automerge-tldraw@0.2.0",
        "npm:buffer@6.0.3",
        "npm:chai@5.1.1",
        "npm:cli-table3@0.6.5",
        "npm:cross-fetch@4.0.0",
        "npm:dayjs@1.11.13",
        "npm:diff@7.0.0",
        "npm:dotenv@16.4.5",
        "npm:eslint-config-prettier@9.1.0",
        "npm:eslint-plugin-prettier@5.2.1",
        "npm:eslint-plugin-react-hooks@^5.1.0-rc.0",
        "npm:eslint-plugin-react-refresh@^0.4.9",
        "npm:eslint@^9.9.0",
        "npm:execa@9.3.1",
        "npm:fake-indexeddb@6.0.0",
        "npm:fast-json-patch@3.1.1",
        "npm:framer-motion@11.5.4",
        "npm:fs-extra@11.2.0",
        "npm:glamor-jss@1.4.1",
        "npm:glob@11.0.0",
        "npm:globals@^15.9.0",
        "npm:happy-dom@15.7.4",
        "npm:immer@10.1.1",
        "npm:jss-plugin-global@10.10.0",
        "npm:million@3.1.11",
        "npm:minimist@1.2.8",
        "npm:monaco-editor@0.51.0",
        "npm:openai@4.59.0",
        "npm:ora@8.1.0",
        "npm:peerjs@1.5.4",
        "npm:picocolors@1.1.0",
        "npm:pretty-bytes@6.1.1",
        "npm:qrcode@1.5.4",
        "npm:ramda@0.30.1",
        "npm:react-dom@18.3.1",
        "npm:react-error-boundary@4.0.13",
        "npm:react-icons@5.3.0",
        "npm:react-inspector@6.0.2",
        "npm:react-spinners@0.14.1",
        "npm:react-virtuoso@4.10.4",
        "npm:react@18.3.1",
        "npm:reactflow@11.11.4",
        "npm:rehype-format@5.0.0",
        "npm:rehype-sanitize@6.0.0",
        "npm:rehype-stringify@10.0.0",
        "npm:remark-frontmatter@5.0.0",
        "npm:remark-gfm@4.0.0",
        "npm:remark-parse@11.0.0",
        "npm:remark-rehype@11.1.0",
        "npm:remark-stringify@11.0.0",
        "npm:retext-english@5.0.0",
        "npm:retext-stringify@4.0.0",
        "npm:rimraf@6.0.1",
        "npm:rollup-plugin-visualizer@5.12.0",
        "npm:rxjs@7.8.1",
        "npm:semver@7.6.3",
        "npm:svelte-check@4.0.1",
        "npm:svelte-preprocess@6.0.2",
        "npm:svelte@4.2.19",
        "npm:symbol-observable@4.0.0",
        "npm:tinycolor2@1.6.0",
        "npm:ts-essentials@10.0.2",
        "npm:tslib@2.7.0",
        "npm:tsx@4.19.0",
        "npm:typescript-eslint@^8.0.1",
        "npm:typescript@5.6.2",
        "npm:ua-parser-js@1.0.38",
        "npm:unified@11.0.5",
        "npm:unist-util-select@5.1.0",
        "npm:uuid@10.0.0",
        "npm:viem@2.21.6",
        "npm:vite-plugin-node-polyfills@0.22.0",
        "npm:vite-plugin-top-level-await@1.4.4",
        "npm:vite-plugin-wasm@3.3.0",
        "npm:vite@5.4.4",
        "npm:vitest@2.0.5",
        "npm:ws@8.18.0",
        "npm:yaml@2.5.1",
        "npm:zod@3.23.8"
      ]
    }
  }
}
