{
  "version": "3",
  "packages": {
    "specifiers": {
      "npm:hono": "npm:hono@4.0.2",
      "npm:openai": "npm:openai@4.24.7",
      "npm:ramda": "npm:ramda@0.29.1"
    },
    "npm": {
      "@types/node-fetch@2.6.11": {
        "integrity": "sha512-24xFj9R5+rfQJLRyM56qh+wnVSYhyXC2tkoBndtY0U+vubqNsYXGjufB2nn8Q6gt0LrARwL6UBtMCSVCwl4B1g==",
        "dependencies": {
          "@types/node": "@types/node@18.16.19",
          "form-data": "form-data@4.0.0"
        }
      },
      "@types/node@18.16.19": {
        "integrity": "sha512-IXl7o+R9iti9eBW4Wg2hx1xQDig183jj7YLn8F7udNceyfkbn1ZxmzZXuak20gR40D7pIkIY1kYGx5VIGbaHKA==",
        "dependencies": {}
      },
      "@types/node@18.19.9": {
        "integrity": "sha512-oZFKlC8l5YtzGQNT4zC2PiSSKzQVZ8bAwwd+EYdPLtyk0nSEq6O16SkK+rkkT2eflDAbormJgEF3QnH3oDrTSw==",
        "dependencies": {
          "undici-types": "undici-types@5.26.5"
        }
      },
      "abort-controller@3.0.0": {
        "integrity": "sha512-h8lQ8tacZYnR3vNQTgibj+tODHI5/+l06Au2Pcriv/Gmet0eaj4TwWH41sO9wnHDiQsEj19q0drzdWdeAHtweg==",
        "dependencies": {
          "event-target-shim": "event-target-shim@5.0.1"
        }
      },
      "agentkeepalive@4.5.0": {
        "integrity": "sha512-5GG/5IbQQpC9FpkRGsSvZI5QYeSCzlJHdpBQntCsuTOxhKD8lqKhrleg2Yi7yvMIf82Ycmmqln9U8V9qwEiJew==",
        "dependencies": {
          "humanize-ms": "humanize-ms@1.2.1"
        }
      },
      "asynckit@0.4.0": {
        "integrity": "sha512-Oei9OH4tRh0YqU3GxhX79dM/mwVgvbZJaSNaRk+bshkj0S5cfHcgYakreBjrHwatXKbz+IoIdYLxrKim2MjW0Q==",
        "dependencies": {}
      },
      "base-64@0.1.0": {
        "integrity": "sha512-Y5gU45svrR5tI2Vt/X9GPd3L0HNIKzGu202EjxrXMpuc2V2CiKgemAbUUsqYmZJvPtCXoUKjNZwBJzsNScUbXA==",
        "dependencies": {}
      },
      "charenc@0.0.2": {
        "integrity": "sha512-yrLQ/yVUFXkzg7EDQsPieE/53+0RlaWTs+wBrvW36cyilJ2SaDWfl4Yj7MtLTXleV9uEKefbAGUPv2/iWSooRA==",
        "dependencies": {}
      },
      "combined-stream@1.0.8": {
        "integrity": "sha512-FQN4MRfuJeHf7cBbBMJFXhKSDq+2kAArBlmRBvcvFE5BB1HZKXtSFASDhdlz9zOYwxh8lDdnvmMOe/+5cdoEdg==",
        "dependencies": {
          "delayed-stream": "delayed-stream@1.0.0"
        }
      },
      "crypt@0.0.2": {
        "integrity": "sha512-mCxBlsHFYh9C+HVpiEacem8FEBnMXgU9gy4zmNC+SXAZNB/1idgp/aulFJ4FgCi7GPEVbfyng092GqL2k2rmow==",
        "dependencies": {}
      },
      "delayed-stream@1.0.0": {
        "integrity": "sha512-ZySD7Nf91aLB0RxL4KGrKHBXl7Eds1DAmEdcoVawXnLD7SDhpNgtuII2aAkg7a7QS41jxPSZ17p4VdGnMHk3MQ==",
        "dependencies": {}
      },
      "digest-fetch@1.3.0": {
        "integrity": "sha512-CGJuv6iKNM7QyZlM2T3sPAdZWd/p9zQiRNS9G+9COUCwzWFTs0Xp8NF5iePx7wtvhDykReiRRrSeNb4oMmB8lA==",
        "dependencies": {
          "base-64": "base-64@0.1.0",
          "md5": "md5@2.3.0"
        }
      },
      "event-target-shim@5.0.1": {
        "integrity": "sha512-i/2XbnSz/uxRCU6+NdVJgKWDTM427+MqYbkQzD321DuCQJUqOuJKIA0IM2+W2xtYHdKOmZ4dR6fExsd4SXL+WQ==",
        "dependencies": {}
      },
      "form-data-encoder@1.7.2": {
        "integrity": "sha512-qfqtYan3rxrnCk1VYaA4H+Ms9xdpPqvLZa6xmMgFvhO32x7/3J/ExcTd6qpxM0vH2GdMI+poehyBZvqfMTto8A==",
        "dependencies": {}
      },
      "form-data@4.0.0": {
        "integrity": "sha512-ETEklSGi5t0QMZuiXoA/Q6vcnxcLQP5vdugSpuAyi6SVGi2clPPp+xgEhuMaHC+zGgn31Kd235W35f7Hykkaww==",
        "dependencies": {
          "asynckit": "asynckit@0.4.0",
          "combined-stream": "combined-stream@1.0.8",
          "mime-types": "mime-types@2.1.35"
        }
      },
      "formdata-node@4.4.1": {
        "integrity": "sha512-0iirZp3uVDjVGt9p49aTaqjk84TrglENEDuqfdlZQ1roC9CWlPk6Avf8EEnZNcAqPonwkG35x4n3ww/1THYAeQ==",
        "dependencies": {
          "node-domexception": "node-domexception@1.0.0",
          "web-streams-polyfill": "web-streams-polyfill@4.0.0-beta.3"
        }
      },
      "hono@4.0.2": {
        "integrity": "sha512-ZW/13BsQmQHlFb3IYGuzgbzY0wBO6WTvOHbpmUfVhVvdMyBNGtuz55quxM7JXoG2orzmv5hEorOAm3ocwzaV0Q==",
        "dependencies": {}
      },
      "humanize-ms@1.2.1": {
        "integrity": "sha512-Fl70vYtsAFb/C06PTS9dZBo7ihau+Tu/DNCk/OyHhea07S+aeMWpFFkUaXRa8fI+ScZbEI8dfSxwY7gxZ9SAVQ==",
        "dependencies": {
          "ms": "ms@2.1.3"
        }
      },
      "is-buffer@1.1.6": {
        "integrity": "sha512-NcdALwpXkTm5Zvvbk7owOUSvVvBKDgKP5/ewfXEznmQFfs4ZRmanOeKBTjRVjka3QFoN6XJ+9F3USqfHqTaU5w==",
        "dependencies": {}
      },
      "md5@2.3.0": {
        "integrity": "sha512-T1GITYmFaKuO91vxyoQMFETst+O71VUPEU3ze5GNzDm0OWdP8v1ziTaAEPUr/3kLsY3Sftgz242A1SetQiDL7g==",
        "dependencies": {
          "charenc": "charenc@0.0.2",
          "crypt": "crypt@0.0.2",
          "is-buffer": "is-buffer@1.1.6"
        }
      },
      "mime-db@1.52.0": {
        "integrity": "sha512-sPU4uV7dYlvtWJxwwxHD0PuihVNiE7TyAbQ5SWxDCB9mUYvOgroQOwYQQOKPJ8CIbE+1ETVlOoK1UC2nU3gYvg==",
        "dependencies": {}
      },
      "mime-types@2.1.35": {
        "integrity": "sha512-ZDY+bPm5zTTF+YpCrAU9nK0UgICYPT0QtT1NZWFv4s++TNkcgVaT0g6+4R2uI4MjQjzysHB1zxuWL50hzaeXiw==",
        "dependencies": {
          "mime-db": "mime-db@1.52.0"
        }
      },
      "ms@2.1.3": {
        "integrity": "sha512-6FlzubTLZG3J2a/NVCAleEhjzq5oxgHyaCU9yYXvcLsvoVaHJq/s5xXI6/XXP6tz7R9xAOtHnSO/tXtF3WRTlA==",
        "dependencies": {}
      },
      "node-domexception@1.0.0": {
        "integrity": "sha512-/jKZoMpw0F8GRwl4/eLROPA3cfcXtLApP0QzLmUT/HuPCZWyB7IY9ZrMeKw2O/nFIqPQB3PVM9aYm0F312AXDQ==",
        "dependencies": {}
      },
      "node-fetch@2.7.0": {
        "integrity": "sha512-c4FRfUm/dbcWZ7U+1Wq0AwCyFL+3nt2bEw05wfxSz+DWpWsitgmSgYmy2dQdWyKC1694ELPqMs/YzUSNozLt8A==",
        "dependencies": {
          "whatwg-url": "whatwg-url@5.0.0"
        }
      },
      "openai@4.24.7": {
        "integrity": "sha512-JUesECWPtsDHO0TlZGb6q73hnAmXUdzj9NrwgZeL4lqlRt/kR1sWrXoy8LocxN/6uOtitywvcJqe0O1PLkG45g==",
        "dependencies": {
          "@types/node": "@types/node@18.19.9",
          "@types/node-fetch": "@types/node-fetch@2.6.11",
          "abort-controller": "abort-controller@3.0.0",
          "agentkeepalive": "agentkeepalive@4.5.0",
          "digest-fetch": "digest-fetch@1.3.0",
          "form-data-encoder": "form-data-encoder@1.7.2",
          "formdata-node": "formdata-node@4.4.1",
          "node-fetch": "node-fetch@2.7.0",
          "web-streams-polyfill": "web-streams-polyfill@3.3.2"
        }
      },
      "ramda@0.29.1": {
        "integrity": "sha512-OfxIeWzd4xdUNxlWhgFazxsA/nl3mS4/jGZI5n00uWOoSSFRhC1b6gl6xvmzUamgmqELraWp0J/qqVlXYPDPyA==",
        "dependencies": {}
      },
      "tr46@0.0.3": {
        "integrity": "sha512-N3WMsuqV66lT30CrXNbEjx4GEwlow3v6rr4mCcv6prnfwhS01rkgyFdjPNBYd9br7LpXV1+Emh01fHnq2Gdgrw==",
        "dependencies": {}
      },
      "undici-types@5.26.5": {
        "integrity": "sha512-JlCMO+ehdEIKqlFxk6IfVoAUVmgz7cU7zD/h9XZ0qzeosSHmUJVOzSQvvYSYWXkFXC+IfLKSIffhv0sVZup6pA==",
        "dependencies": {}
      },
      "web-streams-polyfill@3.3.2": {
        "integrity": "sha512-3pRGuxRF5gpuZc0W+EpwQRmCD7gRqcDOMt688KmdlDAgAyaB1XlN0zq2njfDNm44XVdIouE7pZ6GzbdyH47uIQ==",
        "dependencies": {}
      },
      "web-streams-polyfill@4.0.0-beta.3": {
        "integrity": "sha512-QW95TCTaHmsYfHDybGMwO5IJIM93I/6vTRk+daHTWFPhwh+C8Cg7j7XyKrwrj8Ib6vYXe0ocYNrmzY4xAAN6ug==",
        "dependencies": {}
      },
      "webidl-conversions@3.0.1": {
        "integrity": "sha512-2JAn3z8AR6rjK8Sm8orRC0h/bcl/DqL7tRPdGZ4I1CjdF+EaMLmYxBHyXuKL849eucPFhvBoxMsflfOb8kxaeQ==",
        "dependencies": {}
      },
      "whatwg-url@5.0.0": {
        "integrity": "sha512-saE57nupxk6v3HY35+jzBwYa0rKSy0XR8JSxZPwgLr7ys0IBzhGviA1/TUGJLmSVqs8pb9AnvICXEuOHLprYTw==",
        "dependencies": {
          "tr46": "tr46@0.0.3",
          "webidl-conversions": "webidl-conversions@3.0.1"
        }
      }
    }
  },
  "redirects": {
    "https://deno.land/std/http/server.ts": "https://deno.land/std@0.216.0/http/server.ts",
    "https://deno.land/x/hono/middleware.ts": "https://deno.land/x/hono@v4.0.3/middleware.ts",
    "https://deno.land/x/hono/mod.ts": "https://deno.land/x/hono@v3.12.3/mod.ts",
    "https://deno.land/x/openai/mod.ts": "https://deno.land/x/openai@v4.28.0/mod.ts"
  },
  "remote": {
    "https://deno.land/std@0.216.0/async/delay.ts": "8e1d18fe8b28ff95885e2bc54eccec1713f57f756053576d8228e6ca110793ad",
    "https://deno.land/std@0.216.0/http/server.ts": "6dce295abc169d0956ae00432441331b3425afad4d79e8b3475739be2f04d614",
    "https://deno.land/x/hono@v3.12.3/client/client.ts": "9b3bddfd400d069d58320c3f475447d5e61f2c343adad402d5d36fa17f00b481",
    "https://deno.land/x/hono@v3.12.3/client/index.ts": "30def535310a37bede261f1b23d11a9758983b8e9d60a6c56309cee5f6746ab2",
    "https://deno.land/x/hono@v3.12.3/client/utils.ts": "053273c002963b549d38268a1b423ac8ca211a8028bdab1ed0b781a62aa5e661",
    "https://deno.land/x/hono@v3.12.3/compose.ts": "37d6e33b7db80e4c43a0629b12fd3a1e3406e7d9e62a4bfad4b30426ea7ae4f1",
    "https://deno.land/x/hono@v3.12.3/context.ts": "2c40b46d14f4fa7563d03ec7e75c6a251f8608546f9c75e097deab18fe6be1c1",
    "https://deno.land/x/hono@v3.12.3/helper/cookie/index.ts": "a05ce7e3bafe1f8c7f45d04abf79822716011be75904fe1aad2e99126fd985b9",
    "https://deno.land/x/hono@v3.12.3/helper/html/index.ts": "701ed12b808e8c253247edc02c2c4b32261ae899e9c98f1427f7f6eaa8b7d1ce",
    "https://deno.land/x/hono@v3.12.3/hono-base.ts": "301b30b9db84c382a536e4f1969dac338cd67860a83ce0af82118c42278cc03d",
    "https://deno.land/x/hono@v3.12.3/hono.ts": "2cc4c292e541463a4d6f83edbcea58048d203e9564ae62ec430a3d466b49a865",
    "https://deno.land/x/hono@v3.12.3/http-exception.ts": "6071df078b5f76d279684d52fe82a590f447a64ffe1b75eb5064d0c8a8d2d676",
    "https://deno.land/x/hono@v3.12.3/mod.ts": "90114a97be9111b348129ad0143e764a64921f60dd03b8f3da529db98a0d3a82",
    "https://deno.land/x/hono@v3.12.3/request.ts": "71a67261d14bba95e9a8b4782a1c1704d12d54a77390ce404741df15ab99a109",
    "https://deno.land/x/hono@v3.12.3/router.ts": "880316f561918fc197481755aac2165fdbe2f530b925c5357a9f98d6e2cc85c7",
    "https://deno.land/x/hono@v3.12.3/router/linear-router/index.ts": "8a2a7144c50b1f4a92d9ee99c2c396716af144c868e10608255f969695efccd0",
    "https://deno.land/x/hono@v3.12.3/router/linear-router/router.ts": "1366b3fada26e33c96b0f228aa7962b9c9801c4f484b3991b256aed2c005c668",
    "https://deno.land/x/hono@v3.12.3/router/pattern-router/index.ts": "304a66c50e243872037ed41c7dd79ed0c89d815e17e172e7ad7cdc4bc07d3383",
    "https://deno.land/x/hono@v3.12.3/router/pattern-router/router.ts": "a9a5a2a182cce8c3ae82139892cc0502be7dd8f579f31e76d0302b19b338e548",
    "https://deno.land/x/hono@v3.12.3/router/reg-exp-router/index.ts": "52755829213941756159b7a963097bafde5cc4fc22b13b1c7c9184dc0512d1db",
    "https://deno.land/x/hono@v3.12.3/router/reg-exp-router/node.ts": "5b3fb80411db04c65df066e69fedb2c8c0844753c2633d703336de84d569252c",
    "https://deno.land/x/hono@v3.12.3/router/reg-exp-router/router.ts": "c89a37b14c64518256d2fc216d9db7645e658235648762c3ad6e3fc6872a941c",
    "https://deno.land/x/hono@v3.12.3/router/reg-exp-router/trie.ts": "852ce7207e6701e47fa30889a0d2b8bfcd56d8862c97e7bc9831e0a64bd8835f",
    "https://deno.land/x/hono@v3.12.3/router/smart-router/index.ts": "74f9b4fe15ea535900f2b9b048581915f12fe94e531dd2b0032f5610e61c3bef",
    "https://deno.land/x/hono@v3.12.3/router/smart-router/router.ts": "f1848a2a1eefa316a11853ae12e749552747771fb8a11fe713ae04ea6461140b",
    "https://deno.land/x/hono@v3.12.3/router/trie-router/index.ts": "3eb75e7f71ba81801631b30de6b1f5cefb2c7239c03797e2b2cbab5085911b41",
    "https://deno.land/x/hono@v3.12.3/router/trie-router/node.ts": "1709750f3da7bf7fa3e8078caa1fc0bd5583b03c79f3a63f75480a2db25e62ad",
    "https://deno.land/x/hono@v3.12.3/router/trie-router/router.ts": "54ced78d35676302c8fcdda4204f7bdf5a7cc907fbf9967c75674b1e394f830d",
    "https://deno.land/x/hono@v3.12.3/utils/body.ts": "7a16a6656331a96bcae57642f8d5e3912bd361cbbcc2c0d2157ecc3f218f7a92",
    "https://deno.land/x/hono@v3.12.3/utils/buffer.ts": "9066a973e64498cb262c7e932f47eed525a51677b17f90893862b7279dc0773e",
    "https://deno.land/x/hono@v3.12.3/utils/cookie.ts": "19920ba6756944aae1ad8585c3ddeaa9df479733f59d05359db096f7361e5e4b",
    "https://deno.land/x/hono@v3.12.3/utils/crypto.ts": "bda0e141bbe46d3a4a20f8fbcb6380d473b617123d9fdfa93e4499410b537acc",
    "https://deno.land/x/hono@v3.12.3/utils/html.ts": "e800e72e2940104e963707edb41a438937693dda8d21bd37a57620e35d36c647",
    "https://deno.land/x/hono@v3.12.3/utils/stream.ts": "f3d15ef4e112b1916b104dc4e8481f07e2b950f23ba3dacedfcfb7e76af9a604",
    "https://deno.land/x/hono@v3.12.3/utils/url.ts": "9d4e937ea75c1a7d37e6216722cb9f0ab42d730d2c318ae8c2701d7591401a33",
    "https://deno.land/x/hono@v3.12.3/validator/index.ts": "6c986e8b91dcf857ecc8164a506ae8eea8665792a4ff7215471df669c632ae7c",
    "https://deno.land/x/hono@v3.12.3/validator/validator.ts": "97fead75b1e3e460d0895d68eab2be6d774f6d1428e2efb8b4df8ba8bb422c3e",
    "https://deno.land/x/hono@v4.0.3/adapter/deno/serve-static.ts": "dc857afc2c2bac7668d2625e2d2970acd1affc46d5ffbe0db163412f5cee708f",
    "https://deno.land/x/hono@v4.0.3/adapter/deno/ssg.ts": "49d73dd0d351fc52a54bfc8094096aff957f5a955a3eb976844ed8d88903bc0f",
    "https://deno.land/x/hono@v4.0.3/client/client.ts": "9aa632e0df3bb1e10081a29577117c92b65f27252c56d2474ddba2113f584848",
    "https://deno.land/x/hono@v4.0.3/client/index.ts": "30def535310a37bede261f1b23d11a9758983b8e9d60a6c56309cee5f6746ab2",
    "https://deno.land/x/hono@v4.0.3/client/utils.ts": "b61b11614aa976e4b6f829642528bd78bf8d19a72aa57426e40eb21507a69c0a",
    "https://deno.land/x/hono@v4.0.3/compose.ts": "37d6e33b7db80e4c43a0629b12fd3a1e3406e7d9e62a4bfad4b30426ea7ae4f1",
    "https://deno.land/x/hono@v4.0.3/context.ts": "0b6ae684737f6d6b324c24155c852c4555ba0c96dd6f91993b8e4a2d910d9894",
    "https://deno.land/x/hono@v4.0.3/helper.ts": "a8df0b65838177e7e0ab30fc496cde22c9b6aab237725797b1bdec332971470b",
    "https://deno.land/x/hono@v4.0.3/helper/accepts/accepts.ts": "46330f2ff384b266ab2227f7943366c09d752c9b58e2908e7b7726548e8954d3",
    "https://deno.land/x/hono@v4.0.3/helper/accepts/index.ts": "88a18cb5f7b15ec2bd515b6fbf5a2a8b5f77d1edbd6f7e1632afe5d755b2cf50",
    "https://deno.land/x/hono@v4.0.3/helper/adapter/index.ts": "5a4ca736487a2a8303bdac9fff710eae38e6f39ed70eb171eed78e5f64da84df",
    "https://deno.land/x/hono@v4.0.3/helper/cookie/index.ts": "9adc57af5723f16d52ec1162838ac3c77dc2c8b9e216762e7c68106c7468cc77",
    "https://deno.land/x/hono@v4.0.3/helper/css/common.ts": "596f3e777c11a73be52585c2140e80f8ad87f1ef3c483514480e11fb7394e986",
    "https://deno.land/x/hono@v4.0.3/helper/css/index.ts": "f91b6c473f033c420077554bcc8c11635194e3ee49c974c22bbacf2b3449b63c",
    "https://deno.land/x/hono@v4.0.3/helper/dev/index.ts": "39309b1ea098feaf03dd564ad23290d11e0aa495f3dd64400b3affcf79937f72",
    "https://deno.land/x/hono@v4.0.3/helper/factory/index.ts": "da87032bd93785827448e5d1369c90f6d453cdd12ded597d4ca4051e3309e468",
    "https://deno.land/x/hono@v4.0.3/helper/html/index.ts": "b98a9a44a3d50526f82b450231888f1c0904291d535c18d26c0e93dce32004cc",
    "https://deno.land/x/hono@v4.0.3/helper/ssg/index.ts": "18cc879553c9883d97585cd5798359c69efbbed823ddbedf57817b32dcefae57",
    "https://deno.land/x/hono@v4.0.3/helper/ssg/utils.ts": "90ff5f2f9a57e7cf2f76362ce0b2179677f46390ddf0cce0f5c2023db179d847",
    "https://deno.land/x/hono@v4.0.3/helper/streaming/index.ts": "e4955c04cb5fe4d65abec256ff3f598c87958a1cfd9eece1d6de1b56d16c7723",
    "https://deno.land/x/hono@v4.0.3/helper/streaming/sse.ts": "c6268c340f04fa677c7dadfd4beb96cd847048db4894c1204bb33fdbfc86e21f",
    "https://deno.land/x/hono@v4.0.3/helper/streaming/stream.ts": "bb8eee53fadf62fb9c4b4f3ffa2f23ee21bf2337121a6811a5fe18bbbcbe6564",
    "https://deno.land/x/hono@v4.0.3/helper/streaming/text.ts": "df8e941f8f1605b8ee74e7176fc013716203a6961c7b69dc304f5826dfb2383c",
    "https://deno.land/x/hono@v4.0.3/helper/testing/index.ts": "bc49c049aa0d6426417e3d1a2f52a471a09edb1fb8610b7545eae1968e7d7874",
    "https://deno.land/x/hono@v4.0.3/hono-base.ts": "d3323a4668796cd56b9061ad34f2fa12a3c52178890cfffe27bd077e263c0ab7",
    "https://deno.land/x/hono@v4.0.3/http-exception.ts": "0dc357bbf1510f59cdfc35aad569df97e5652f7406f0693437fe140383d8d9c0",
    "https://deno.land/x/hono@v4.0.3/jsx/base.ts": "a744e48717677dfe665163ba95b71a7d0d96fbd569ea447aa0bc4195e1aa91fd",
    "https://deno.land/x/hono@v4.0.3/jsx/components.ts": "77f1143ca5f1c8af52f7c6724b10f863e8d6a0815b57914837a3506de3fb2fdf",
    "https://deno.land/x/hono@v4.0.3/jsx/constants.ts": "03dbf805f4d07e3b34ab05ac84f3c0cb4fbafb2096fba7789a5f6226ca6f21ad",
    "https://deno.land/x/hono@v4.0.3/jsx/context.ts": "2b7a86e6b35da171fab27aa05f09748bb3eba64b26c037ea1da655c07e8f6bc1",
    "https://deno.land/x/hono@v4.0.3/jsx/dom/components.ts": "733da654edb3d4c178a4479649fac2c64e79069e37e848add0c3a49f90e7f2d7",
    "https://deno.land/x/hono@v4.0.3/jsx/dom/context.ts": "39cd1108f0933934075fd88ef98139b0f29cce35b5d30d5fed2231daaa19c208",
    "https://deno.land/x/hono@v4.0.3/jsx/dom/css.ts": "476699080c11fa16230e3fd59b6faf551e5d771c2998b4bf03368b3bc1f5a0e0",
    "https://deno.land/x/hono@v4.0.3/jsx/dom/jsx-dev-runtime.ts": "266a61edb91f596f8581218c2afb253449fa700e069298b5a3e96ee064a57183",
    "https://deno.land/x/hono@v4.0.3/jsx/dom/jsx-runtime.ts": "6a50a65306771a9000030f494d92a5fdeeb055112e0126234b2fd9179de1d4f5",
    "https://deno.land/x/hono@v4.0.3/jsx/dom/render.ts": "46b6cbf176aae20d8bac1af7f87934e5a6b07b1422667851661906418ce86fa5",
    "https://deno.land/x/hono@v4.0.3/jsx/hooks/index.ts": "aa5bf89ca6f27b000858da32098c3a107dd0a59ba0efce69b3256b21c34ae46f",
    "https://deno.land/x/hono@v4.0.3/jsx/index.ts": "7ff75df12923a67c2fc4c2d06afc6db66ae95f854f091f6aa614b3e13f7d6ba8",
    "https://deno.land/x/hono@v4.0.3/jsx/streaming.ts": "0900f78cdd16529610de69329727e93d1bf60194b17595614db5fb4156cf8872",
    "https://deno.land/x/hono@v4.0.3/jsx/types.ts": "880971bd1e0704a6fba6b786ca596cbe23fc06e36c506f42ea17f84f9879f278",
    "https://deno.land/x/hono@v4.0.3/jsx/utils.ts": "7b9d84ce478c66a5f4709dc3a873ac7104ba3427597683221827abec2761da0e",
    "https://deno.land/x/hono@v4.0.3/middleware.ts": "782368901c77bf77410aa5bebbaba5ac9dfaae519a4d3d2753180a45e8b1c62f",
    "https://deno.land/x/hono@v4.0.3/middleware/basic-auth/index.ts": "cb9c6397f291612e2fa2f678e1cd85d427cf4395838d558a9fa2c99727f20fb0",
    "https://deno.land/x/hono@v4.0.3/middleware/bearer-auth/index.ts": "1bfe631db1661cd342a2220614af5e21455ebea11b8c3ed5f6df7ef8d02b9a54",
    "https://deno.land/x/hono@v4.0.3/middleware/cache/index.ts": "1294ca78a78d0ec279b8b8728837120458eeb429d774715777a412f190950312",
    "https://deno.land/x/hono@v4.0.3/middleware/compress/index.ts": "98c403a5fe7e9c5f5d776350b422b0a125fb34696851b8b14f825b9b7b06f2ac",
    "https://deno.land/x/hono@v4.0.3/middleware/cors/index.ts": "69e208e2bfd6345f14892e59ea817818373b3ebd74163177d687cd47ddbe1f6c",
    "https://deno.land/x/hono@v4.0.3/middleware/csrf/index.ts": "077bb0ce299d79d0d232cb9e462aaa4eaa901164f1310f74a7630f7e6cfe74e8",
    "https://deno.land/x/hono@v4.0.3/middleware/etag/index.ts": "3392aabea4d02dfec51455c5919bff9aad76538b9fde375dd542fbc3f389dd3a",
    "https://deno.land/x/hono@v4.0.3/middleware/jsx-renderer/index.ts": "a1ff7f92b1b8d4dcc1b7e88d48581095f1a3f06682e4aa55a29190a5d078a7a0",
    "https://deno.land/x/hono@v4.0.3/middleware/jwt/index.ts": "6b34740ff079f92873ee586bb6bf495edd4095ba2b99828ddd850d2de079acd0",
    "https://deno.land/x/hono@v4.0.3/middleware/logger/index.ts": "4baf9217b61f5e9e937c3e4e6cd87508c83603fcee77c33edba0a6ae2cc41ccd",
    "https://deno.land/x/hono@v4.0.3/middleware/powered-by/index.ts": "6faba0cf042278d60b317b690640bb0b58747690cf280fa09024424c5174e66d",
    "https://deno.land/x/hono@v4.0.3/middleware/pretty-json/index.ts": "2216ce4c9910be009fecac63367c3626b46137d4cf7cb9a82913e501104b4a88",
    "https://deno.land/x/hono@v4.0.3/middleware/secure-headers/index.ts": "24cf3544002e882972842800bce223738b32c9c84bef7f74892e994819765f84",
    "https://deno.land/x/hono@v4.0.3/middleware/timing/index.ts": "241702aa10ab66cc832e8b556c57c236f3bf338a8817d802cb142eae0f852582",
    "https://deno.land/x/hono@v4.0.3/request.ts": "9c8061eaf4373aa122a77d1aa8e888397425bc5d78bc17c87a2c861375c4f0b3",
    "https://deno.land/x/hono@v4.0.3/router.ts": "880316f561918fc197481755aac2165fdbe2f530b925c5357a9f98d6e2cc85c7",
    "https://deno.land/x/hono@v4.0.3/utils/body.ts": "1c7013f83bbef8216b3d862111efd5a183eaa29e86decf9a7eec6cdf25757e93",
    "https://deno.land/x/hono@v4.0.3/utils/buffer.ts": "9066a973e64498cb262c7e932f47eed525a51677b17f90893862b7279dc0773e",
    "https://deno.land/x/hono@v4.0.3/utils/cookie.ts": "a8d61878bc6eb338d17758e2b5b47512ac1ced8d824fd4ff7b637b091cc7b28f",
    "https://deno.land/x/hono@v4.0.3/utils/crypto.ts": "bda0e141bbe46d3a4a20f8fbcb6380d473b617123d9fdfa93e4499410b537acc",
    "https://deno.land/x/hono@v4.0.3/utils/encode.ts": "311dfdfae7eb0b6345e9680f7ebbb3a692e872ed964e2029aca38567af8d1f33",
    "https://deno.land/x/hono@v4.0.3/utils/filepath.ts": "77b01ccb799dcd3ed60ac2e9726e0b786b47f33308533b5ff9b6430ba8e9299c",
    "https://deno.land/x/hono@v4.0.3/utils/handler.ts": "2940f60d3fdae3df1ebde7f88c0f703c64bb1311c2c0a60f97e80a57b5690393",
    "https://deno.land/x/hono@v4.0.3/utils/html.ts": "6ea4f6bf41587a51607dff7a6d2865ef4d5001e4203b07e5c8a45b63a098e871",
    "https://deno.land/x/hono@v4.0.3/utils/jwt/index.ts": "5e4b82a42eb3603351dfce726cd781ca41cb57437395409d227131aec348d2d5",
    "https://deno.land/x/hono@v4.0.3/utils/jwt/jwt.ts": "02ff7bbf1298ffcc7a40266842f8eac44b6c136453e32d4441e24d0cbfba3a95",
    "https://deno.land/x/hono@v4.0.3/utils/jwt/types.ts": "1dd79fce49dcaf54511d9bca88f5ae508cef577225aa581c811b248dc9c7a121",
    "https://deno.land/x/hono@v4.0.3/utils/mime.ts": "1e5db0919d2127995ec466dfd1ee637c3d63084f516ccbd3c6906ccf0d3f3c46",
    "https://deno.land/x/hono@v4.0.3/utils/stream.ts": "fe5f539a79c476e6af39e2549fa06054ad3c7ff3cbfa2c4c752e879cdd3365d5",
    "https://deno.land/x/hono@v4.0.3/utils/url.ts": "d9d307a495e7dfc6e916fbcfa74c2d8d23e8e685bddc5e6ebc9c0f784345a01a",
    "https://deno.land/x/openai@v4.28.0/_shims/MultipartBody.ts": "fe06a56b54ae358c9cf99823096e34b36795fdba2e17513f0e9539210edd797d",
    "https://deno.land/x/openai@v4.28.0/_shims/mod.ts": "2e253cb26bfa7060bd37e45626e60e4bf3e7b3fb3e0f559fdfdeef94c73f9372",
    "https://deno.land/x/openai@v4.28.0/core.ts": "e699f94f0ce9e9e0cfaf715c33bec0a7d763645fee5f193549b9fc5cd1323ae9",
    "https://deno.land/x/openai@v4.28.0/error.ts": "82962c51d5894159afc3351e31133eacad9405674ea03c8ccd5ce071b88d5ebf",
    "https://deno.land/x/openai@v4.28.0/lib/AbstractChatCompletionRunner.ts": "0b2442b11f59559f1e8d67b2083dd948a7e9d1b7163de968dd290255c19242ce",
    "https://deno.land/x/openai@v4.28.0/lib/ChatCompletionRunner.ts": "0d1cc40d99cd64b7d573ab95f9cb75750f24f9829da91e12573122842985a2d0",
    "https://deno.land/x/openai@v4.28.0/lib/ChatCompletionStream.ts": "1baab7ba3019704ad81a4efc9e823eb237a4895c1290112191dcda7e94514f43",
    "https://deno.land/x/openai@v4.28.0/lib/ChatCompletionStreamingRunner.ts": "9bcaae3760dd5f9b54d5d4b2ba79b8731bb3dc79214c26e5d0bbdfe809747dd2",
    "https://deno.land/x/openai@v4.28.0/lib/RunnableFunction.ts": "f45a16776de983da6b65e5748eb2c581b6ea9d3849bda0026f24659cf0be2d2c",
    "https://deno.land/x/openai@v4.28.0/lib/chatCompletionUtils.ts": "4991d3e698a54f8e4273eb0f1d73851f7ba549a0a32fabbcd739627677003cb9",
    "https://deno.land/x/openai@v4.28.0/lib/jsonschema.ts": "ed31a7861e19e505c43aa7612579b2739243ee8e8dd47ccb5f8908fa5ff3b5f0",
    "https://deno.land/x/openai@v4.28.0/mod.ts": "aabf17b4a78b5c7d217ccbf04505336fa0aa36e86df3cc8cea21c889e446a3eb",
    "https://deno.land/x/openai@v4.28.0/pagination.ts": "43a99777ce4e7c51ab2718d709e9f5acfbf5a21d3b17de5a53bb6a74923bf410",
    "https://deno.land/x/openai@v4.28.0/resource.ts": "ab3af12d680ecd58fad8f1ff5cd64b48314155bfbd1c4498d1cadd914f8a1316",
    "https://deno.land/x/openai@v4.28.0/resources/audio/audio.ts": "5e29281f42c8938e9ae93284fc360b4d7fa9c21cd79fe03a48e98e8b317edab0",
    "https://deno.land/x/openai@v4.28.0/resources/audio/speech.ts": "0a559eacfa16a3b69d96cd1ef8f6dad903ba28cf031f641ae2bfd4238e104352",
    "https://deno.land/x/openai@v4.28.0/resources/audio/transcriptions.ts": "aa89a5057d9d5a1abd5c1ca5f8677e54bf6cacd805de0fe476beb9ad8819f553",
    "https://deno.land/x/openai@v4.28.0/resources/audio/translations.ts": "9785bc24a8a555e06898a029f943169934f15051862cf7e824f32defdc19d485",
    "https://deno.land/x/openai@v4.28.0/resources/beta/assistants/assistants.ts": "cb80d90375a3cd40793dd17bd832d9a19b32be922f761c7649c49fdf3daa06a0",
    "https://deno.land/x/openai@v4.28.0/resources/beta/assistants/files.ts": "a923a0ae4f8f7a2953709ba97e7849e212c62571fd6075670ee695b5ed6eb117",
    "https://deno.land/x/openai@v4.28.0/resources/beta/beta.ts": "fbcb0b5065cd8093173544282a9208e6f6b89f66b5dbe62c420cd3ad5fa6aff8",
    "https://deno.land/x/openai@v4.28.0/resources/beta/chat/chat.ts": "27c8bfae3bd25d2c7a76e61af3bb63dbf39406ee826282fb1f1502bd5b577cd3",
    "https://deno.land/x/openai@v4.28.0/resources/beta/chat/completions.ts": "e7d1937f3c60fd04381f0104f640eb69c9371a42153e0583da4638a8b5b15c6a",
    "https://deno.land/x/openai@v4.28.0/resources/beta/threads/messages/files.ts": "bd50ec629f6216944a42455ea5f9ec992885df346637f46ede3a4c71fb04246f",
    "https://deno.land/x/openai@v4.28.0/resources/beta/threads/messages/messages.ts": "34ac0d56bf22a5fe6d7853d8c921b81f35817dc76ce7875f7763101bd7449544",
    "https://deno.land/x/openai@v4.28.0/resources/beta/threads/runs/runs.ts": "8c25ec9e82183e780264253add9af1601b2f75df14c92d6c08622668fd4641a6",
    "https://deno.land/x/openai@v4.28.0/resources/beta/threads/runs/steps.ts": "53392a3f81817a2f9525003bb00c50c02dd238c82fd939ca1948a7edbf520f63",
    "https://deno.land/x/openai@v4.28.0/resources/beta/threads/threads.ts": "c38ee69e89a6ca36de824fd4b6997c77ac603aa928ffb97ea3e3614a12e34ee4",
    "https://deno.land/x/openai@v4.28.0/resources/chat/chat.ts": "f620f47df83efa5d32520c894223133a3f94e0358462b7937df45f1a588e3960",
    "https://deno.land/x/openai@v4.28.0/resources/chat/completions.ts": "323a231ad0e9ec322365f1d45d33eed2f705b8963ad0ad314b93f1ac69b75185",
    "https://deno.land/x/openai@v4.28.0/resources/chat/mod.ts": "220d4b7ae6c7b901594371308b2f397fe1d736ae039b6e400cbdad843c791fc4",
    "https://deno.land/x/openai@v4.28.0/resources/completions.ts": "bb63eacff7372979280ec889193ad04d676a4c272a87733ddc0802a37187cef9",
    "https://deno.land/x/openai@v4.28.0/resources/embeddings.ts": "7b417f1dc72d1eb9500b8e0b5ef548ec7b5024a21182ef7162535f2a1b633363",
    "https://deno.land/x/openai@v4.28.0/resources/files.ts": "16c77abc27196a66692b1b1b34f424b56174d77859d9d9206c8f7827ae4448be",
    "https://deno.land/x/openai@v4.28.0/resources/fine-tuning/fine-tuning.ts": "c6021ccd5d6f062e6d6178882fba60fdfe51d5f54a0fd45a62d0823b21ca3314",
    "https://deno.land/x/openai@v4.28.0/resources/fine-tuning/jobs.ts": "7b45a06f25136bbdd220ddd9b56a7a3c8fc6580f87fa98c31222337795dbaa45",
    "https://deno.land/x/openai@v4.28.0/resources/images.ts": "ac7153dd8bb7bdc93efb2ad2868a7acca5688f942936988273e23378a660a345",
    "https://deno.land/x/openai@v4.28.0/resources/mod.ts": "3442df6c2cd9cf4599e99939adc520a0e23041162a9a2322e838eb477eccf9e0",
    "https://deno.land/x/openai@v4.28.0/resources/models.ts": "83f81fc5075a6ac2cdb6515014b7e9ce0d311f698ea416e8bf305573786ea809",
    "https://deno.land/x/openai@v4.28.0/resources/moderations.ts": "393c5893692219947135fa8ae0eaeba608f8904128d91b8aa1f03de7c96c8172",
    "https://deno.land/x/openai@v4.28.0/resources/shared.ts": "919082a633e2b16e9d83fd5e9af3b26af3dc24bbadf2e20c2862226b833de414",
    "https://deno.land/x/openai@v4.28.0/streaming.ts": "ba58d42d102c023f326553ea16fe8de6f9d72e99b34f8bf2695740217b93a55a",
    "https://deno.land/x/openai@v4.28.0/uploads.ts": "77080ea73fae95aa8da4edeeb5cc7dcdd94743cd157f667114468c8233154955",
    "https://deno.land/x/openai@v4.28.0/version.ts": "2308d9912d241a7b24408e02393003a9b36243b8cb3e3d047d35ce2843047e38"
  }
}
