{
  "version": "3",
  "packages": {
    "specifiers": {
      "npm:hono": "npm:hono@4.1.7"
    },
    "npm": {
      "hono@4.1.7": {
        "integrity": "sha512-Qa9/OM64d3we/COpxpJNT8p2IEvXbvRzp2eX4wf48eDvqoU3pBrnbY6zAF2rK878GxkkfCo6yipZXNsPiTrBMQ==",
        "dependencies": {}
      }
    }
  },
  "remote": {},
  "workspace": {
    "packageJson": {
      "dependencies": [
        "npm:react-dom@18.2.0",
        "npm:react@18.2.0",
        "npm:sys.test.spec@0.0.0",
        "npm:sys.test@0.0.0",
        "npm:sys.types@0.0.0",
        "npm:sys.ui.react.common@0.0.0",
        "npm:sys.util@0.0.0"
      ]
    }
  }
}
